
Microsoft Visual Studio Solution File, Format Version 12.00
# Visual Studio Version 16
VisualStudioVersion = 16.0.28803.202
MinimumVisualStudioVersion = 10.0.40219.1
Project("{FAE04EC0-301F-11D3-BF4B-00C04F79EFBC}") = "BlazorXamarin.Android", "BlazorXamarin\BlazorXamarin.Android\BlazorXamarin.Android.csproj", "{8C8D4862-524B-4A92-B289-2C0B05A2BAA2}"
EndProject
Project("{FAE04EC0-301F-11D3-BF4B-00C04F79EFBC}") = "BlazorXamarin.iOS", "BlazorXamarin\BlazorXamarin.iOS\BlazorXamarin.iOS.csproj", "{1E76EF6E-A5C5-4128-9EB5-26B63A663896}"
EndProject
Project("{FAE04EC0-301F-11D3-BF4B-00C04F79EFBC}") = "BlazorXamarin.UWP", "BlazorXamarin\BlazorXamarin.UWP\BlazorXamarin.UWP.csproj", "{23738EC1-291D-4F79-B63B-9762B0909F2D}"
EndProject
Project("{9A19103F-16F7-4668-BE54-9A1E7A4F7556}") = "BlazorXamarin.UI.Common", "BlazorXamarin\BlazorXamarin.UI.Common\BlazorXamarin.UI.Common.csproj", "{00E811C3-84BE-4425-8CB5-8EA26EE78808}"
EndProject
Project("{9A19103F-16F7-4668-BE54-9A1E7A4F7556}") = "BlazorXamarin.Web", "BlazorXamarin.Web\BlazorXamarin.Web.csproj", "{213B26FE-4E46-48C2-ABB7-28B306827A4B}"
EndProject
Project("{9A19103F-16F7-4668-BE54-9A1E7A4F7556}") = "BlazorXamarin.Blazor", "BlazorXamarin.Blazor\BlazorXamarin.Blazor.csproj", "{B46F4005-D756-4732-9923-C6549AD6FE09}"
EndProject
Project("{9A19103F-16F7-4668-BE54-9A1E7A4F7556}") = "BlazorXamarin.Application", "BlazorXamarin.Application\BlazorXamarin.Application.csproj", "{AA829DC1-602C-45DB-A5EB-FAAD1A0925E9}"
EndProject
Project("{FAE04EC0-301F-11D3-BF4B-00C04F79EFBC}") = "BlazorXamarin.WPF", "BlazorXamarin.WPF\BlazorXamarin.WPF.csproj", "{955ECCC1-C677-47E3-94C7-836EE6D1D733}"
EndProject
Global
	GlobalSection(SolutionConfigurationPlatforms) = preSolution
		Ad-Hoc|Any CPU = Ad-Hoc|Any CPU
		Ad-Hoc|ARM = Ad-Hoc|ARM
		Ad-Hoc|iPhone = Ad-Hoc|iPhone
		Ad-Hoc|iPhoneSimulator = Ad-Hoc|iPhoneSimulator
		Ad-Hoc|x64 = Ad-Hoc|x64
		Ad-Hoc|x86 = Ad-Hoc|x86
		AppStore|Any CPU = AppStore|Any CPU
		AppStore|ARM = AppStore|ARM
		AppStore|iPhone = AppStore|iPhone
		AppStore|iPhoneSimulator = AppStore|iPhoneSimulator
		AppStore|x64 = AppStore|x64
		AppStore|x86 = AppStore|x86
		Debug|Any CPU = Debug|Any CPU
		Debug|ARM = Debug|ARM
		Debug|iPhone = Debug|iPhone
		Debug|iPhoneSimulator = Debug|iPhoneSimulator
		Debug|x64 = Debug|x64
		Debug|x86 = Debug|x86
		Release|Any CPU = Release|Any CPU
		Release|ARM = Release|ARM
		Release|iPhone = Release|iPhone
		Release|iPhoneSimulator = Release|iPhoneSimulator
		Release|x64 = Release|x64
		Release|x86 = Release|x86
	EndGlobalSection
	GlobalSection(ProjectConfigurationPlatforms) = postSolution
		{8C8D4862-524B-4A92-B289-2C0B05A2BAA2}.Ad-Hoc|Any CPU.ActiveCfg = Release|Any CPU
		{8C8D4862-524B-4A92-B289-2C0B05A2BAA2}.Ad-Hoc|Any CPU.Build.0 = Release|Any CPU
		{8C8D4862-524B-4A92-B289-2C0B05A2BAA2}.Ad-Hoc|Any CPU.Deploy.0 = Release|Any CPU
		{8C8D4862-524B-4A92-B289-2C0B05A2BAA2}.Ad-Hoc|ARM.ActiveCfg = Release|Any CPU
		{8C8D4862-524B-4A92-B289-2C0B05A2BAA2}.Ad-Hoc|ARM.Build.0 = Release|Any CPU
		{8C8D4862-524B-4A92-B289-2C0B05A2BAA2}.Ad-Hoc|ARM.Deploy.0 = Release|Any CPU
		{8C8D4862-524B-4A92-B289-2C0B05A2BAA2}.Ad-Hoc|iPhone.ActiveCfg = Release|Any CPU
		{8C8D4862-524B-4A92-B289-2C0B05A2BAA2}.Ad-Hoc|iPhone.Build.0 = Release|Any CPU
		{8C8D4862-524B-4A92-B289-2C0B05A2BAA2}.Ad-Hoc|iPhone.Deploy.0 = Release|Any CPU
		{8C8D4862-524B-4A92-B289-2C0B05A2BAA2}.Ad-Hoc|iPhoneSimulator.ActiveCfg = Release|Any CPU
		{8C8D4862-524B-4A92-B289-2C0B05A2BAA2}.Ad-Hoc|iPhoneSimulator.Build.0 = Release|Any CPU
		{8C8D4862-524B-4A92-B289-2C0B05A2BAA2}.Ad-Hoc|iPhoneSimulator.Deploy.0 = Release|Any CPU
		{8C8D4862-524B-4A92-B289-2C0B05A2BAA2}.Ad-Hoc|x64.ActiveCfg = Release|Any CPU
		{8C8D4862-524B-4A92-B289-2C0B05A2BAA2}.Ad-Hoc|x64.Build.0 = Release|Any CPU
		{8C8D4862-524B-4A92-B289-2C0B05A2BAA2}.Ad-Hoc|x64.Deploy.0 = Release|Any CPU
		{8C8D4862-524B-4A92-B289-2C0B05A2BAA2}.Ad-Hoc|x86.ActiveCfg = Release|Any CPU
		{8C8D4862-524B-4A92-B289-2C0B05A2BAA2}.Ad-Hoc|x86.Build.0 = Release|Any CPU
		{8C8D4862-524B-4A92-B289-2C0B05A2BAA2}.Ad-Hoc|x86.Deploy.0 = Release|Any CPU
		{8C8D4862-524B-4A92-B289-2C0B05A2BAA2}.AppStore|Any CPU.ActiveCfg = Release|Any CPU
		{8C8D4862-524B-4A92-B289-2C0B05A2BAA2}.AppStore|Any CPU.Build.0 = Release|Any CPU
		{8C8D4862-524B-4A92-B289-2C0B05A2BAA2}.AppStore|Any CPU.Deploy.0 = Release|Any CPU
		{8C8D4862-524B-4A92-B289-2C0B05A2BAA2}.AppStore|ARM.ActiveCfg = Release|Any CPU
		{8C8D4862-524B-4A92-B289-2C0B05A2BAA2}.AppStore|ARM.Build.0 = Release|Any CPU
		{8C8D4862-524B-4A92-B289-2C0B05A2BAA2}.AppStore|ARM.Deploy.0 = Release|Any CPU
		{8C8D4862-524B-4A92-B289-2C0B05A2BAA2}.AppStore|iPhone.ActiveCfg = Release|Any CPU
		{8C8D4862-524B-4A92-B289-2C0B05A2BAA2}.AppStore|iPhone.Build.0 = Release|Any CPU
		{8C8D4862-524B-4A92-B289-2C0B05A2BAA2}.AppStore|iPhone.Deploy.0 = Release|Any CPU
		{8C8D4862-524B-4A92-B289-2C0B05A2BAA2}.AppStore|iPhoneSimulator.ActiveCfg = Release|Any CPU
		{8C8D4862-524B-4A92-B289-2C0B05A2BAA2}.AppStore|iPhoneSimulator.Build.0 = Release|Any CPU
		{8C8D4862-524B-4A92-B289-2C0B05A2BAA2}.AppStore|iPhoneSimulator.Deploy.0 = Release|Any CPU
		{8C8D4862-524B-4A92-B289-2C0B05A2BAA2}.AppStore|x64.ActiveCfg = Release|Any CPU
		{8C8D4862-524B-4A92-B289-2C0B05A2BAA2}.AppStore|x64.Build.0 = Release|Any CPU
		{8C8D4862-524B-4A92-B289-2C0B05A2BAA2}.AppStore|x64.Deploy.0 = Release|Any CPU
		{8C8D4862-524B-4A92-B289-2C0B05A2BAA2}.AppStore|x86.ActiveCfg = Release|Any CPU
		{8C8D4862-524B-4A92-B289-2C0B05A2BAA2}.AppStore|x86.Build.0 = Release|Any CPU
		{8C8D4862-524B-4A92-B289-2C0B05A2BAA2}.AppStore|x86.Deploy.0 = Release|Any CPU
		{8C8D4862-524B-4A92-B289-2C0B05A2BAA2}.Debug|Any CPU.ActiveCfg = Debug|Any CPU
		{8C8D4862-524B-4A92-B289-2C0B05A2BAA2}.Debug|Any CPU.Build.0 = Debug|Any CPU
		{8C8D4862-524B-4A92-B289-2C0B05A2BAA2}.Debug|Any CPU.Deploy.0 = Debug|Any CPU
		{8C8D4862-524B-4A92-B289-2C0B05A2BAA2}.Debug|ARM.ActiveCfg = Debug|Any CPU
		{8C8D4862-524B-4A92-B289-2C0B05A2BAA2}.Debug|ARM.Build.0 = Debug|Any CPU
		{8C8D4862-524B-4A92-B289-2C0B05A2BAA2}.Debug|ARM.Deploy.0 = Debug|Any CPU
		{8C8D4862-524B-4A92-B289-2C0B05A2BAA2}.Debug|iPhone.ActiveCfg = Debug|Any CPU
		{8C8D4862-524B-4A92-B289-2C0B05A2BAA2}.Debug|iPhone.Build.0 = Debug|Any CPU
		{8C8D4862-524B-4A92-B289-2C0B05A2BAA2}.Debug|iPhone.Deploy.0 = Debug|Any CPU
		{8C8D4862-524B-4A92-B289-2C0B05A2BAA2}.Debug|iPhoneSimulator.ActiveCfg = Debug|Any CPU
		{8C8D4862-524B-4A92-B289-2C0B05A2BAA2}.Debug|iPhoneSimulator.Build.0 = Debug|Any CPU
		{8C8D4862-524B-4A92-B289-2C0B05A2BAA2}.Debug|iPhoneSimulator.Deploy.0 = Debug|Any CPU
		{8C8D4862-524B-4A92-B289-2C0B05A2BAA2}.Debug|x64.ActiveCfg = Debug|Any CPU
		{8C8D4862-524B-4A92-B289-2C0B05A2BAA2}.Debug|x64.Build.0 = Debug|Any CPU
		{8C8D4862-524B-4A92-B289-2C0B05A2BAA2}.Debug|x64.Deploy.0 = Debug|Any CPU
		{8C8D4862-524B-4A92-B289-2C0B05A2BAA2}.Debug|x86.ActiveCfg = Debug|Any CPU
		{8C8D4862-524B-4A92-B289-2C0B05A2BAA2}.Debug|x86.Build.0 = Debug|Any CPU
		{8C8D4862-524B-4A92-B289-2C0B05A2BAA2}.Debug|x86.Deploy.0 = Debug|Any CPU
		{8C8D4862-524B-4A92-B289-2C0B05A2BAA2}.Release|Any CPU.ActiveCfg = Release|Any CPU
		{8C8D4862-524B-4A92-B289-2C0B05A2BAA2}.Release|Any CPU.Build.0 = Release|Any CPU
		{8C8D4862-524B-4A92-B289-2C0B05A2BAA2}.Release|Any CPU.Deploy.0 = Release|Any CPU
		{8C8D4862-524B-4A92-B289-2C0B05A2BAA2}.Release|ARM.ActiveCfg = Release|Any CPU
		{8C8D4862-524B-4A92-B289-2C0B05A2BAA2}.Release|ARM.Build.0 = Release|Any CPU
		{8C8D4862-524B-4A92-B289-2C0B05A2BAA2}.Release|ARM.Deploy.0 = Release|Any CPU
		{8C8D4862-524B-4A92-B289-2C0B05A2BAA2}.Release|iPhone.ActiveCfg = Release|Any CPU
		{8C8D4862-524B-4A92-B289-2C0B05A2BAA2}.Release|iPhone.Build.0 = Release|Any CPU
		{8C8D4862-524B-4A92-B289-2C0B05A2BAA2}.Release|iPhone.Deploy.0 = Release|Any CPU
		{8C8D4862-524B-4A92-B289-2C0B05A2BAA2}.Release|iPhoneSimulator.ActiveCfg = Release|Any CPU
		{8C8D4862-524B-4A92-B289-2C0B05A2BAA2}.Release|iPhoneSimulator.Build.0 = Release|Any CPU
		{8C8D4862-524B-4A92-B289-2C0B05A2BAA2}.Release|iPhoneSimulator.Deploy.0 = Release|Any CPU
		{8C8D4862-524B-4A92-B289-2C0B05A2BAA2}.Release|x64.ActiveCfg = Release|Any CPU
		{8C8D4862-524B-4A92-B289-2C0B05A2BAA2}.Release|x64.Build.0 = Release|Any CPU
		{8C8D4862-524B-4A92-B289-2C0B05A2BAA2}.Release|x64.Deploy.0 = Release|Any CPU
		{8C8D4862-524B-4A92-B289-2C0B05A2BAA2}.Release|x86.ActiveCfg = Release|Any CPU
		{8C8D4862-524B-4A92-B289-2C0B05A2BAA2}.Release|x86.Build.0 = Release|Any CPU
		{8C8D4862-524B-4A92-B289-2C0B05A2BAA2}.Release|x86.Deploy.0 = Release|Any CPU
		{1E76EF6E-A5C5-4128-9EB5-26B63A663896}.Ad-Hoc|Any CPU.ActiveCfg = Ad-Hoc|iPhone
		{1E76EF6E-A5C5-4128-9EB5-26B63A663896}.Ad-Hoc|ARM.ActiveCfg = Ad-Hoc|iPhone
		{1E76EF6E-A5C5-4128-9EB5-26B63A663896}.Ad-Hoc|iPhone.ActiveCfg = Ad-Hoc|iPhone
		{1E76EF6E-A5C5-4128-9EB5-26B63A663896}.Ad-Hoc|iPhone.Build.0 = Ad-Hoc|iPhone
		{1E76EF6E-A5C5-4128-9EB5-26B63A663896}.Ad-Hoc|iPhoneSimulator.ActiveCfg = Ad-Hoc|iPhoneSimulator
		{1E76EF6E-A5C5-4128-9EB5-26B63A663896}.Ad-Hoc|iPhoneSimulator.Build.0 = Ad-Hoc|iPhoneSimulator
		{1E76EF6E-A5C5-4128-9EB5-26B63A663896}.Ad-Hoc|x64.ActiveCfg = Ad-Hoc|iPhone
		{1E76EF6E-A5C5-4128-9EB5-26B63A663896}.Ad-Hoc|x86.ActiveCfg = Ad-Hoc|iPhone
		{1E76EF6E-A5C5-4128-9EB5-26B63A663896}.AppStore|Any CPU.ActiveCfg = AppStore|iPhone
		{1E76EF6E-A5C5-4128-9EB5-26B63A663896}.AppStore|ARM.ActiveCfg = AppStore|iPhone
		{1E76EF6E-A5C5-4128-9EB5-26B63A663896}.AppStore|iPhone.ActiveCfg = AppStore|iPhone
		{1E76EF6E-A5C5-4128-9EB5-26B63A663896}.AppStore|iPhone.Build.0 = AppStore|iPhone
		{1E76EF6E-A5C5-4128-9EB5-26B63A663896}.AppStore|iPhoneSimulator.ActiveCfg = AppStore|iPhoneSimulator
		{1E76EF6E-A5C5-4128-9EB5-26B63A663896}.AppStore|iPhoneSimulator.Build.0 = AppStore|iPhoneSimulator
		{1E76EF6E-A5C5-4128-9EB5-26B63A663896}.AppStore|x64.ActiveCfg = AppStore|iPhone
		{1E76EF6E-A5C5-4128-9EB5-26B63A663896}.AppStore|x86.ActiveCfg = AppStore|iPhone
		{1E76EF6E-A5C5-4128-9EB5-26B63A663896}.Debug|Any CPU.ActiveCfg = Debug|iPhone
		{1E76EF6E-A5C5-4128-9EB5-26B63A663896}.Debug|ARM.ActiveCfg = Debug|iPhone
		{1E76EF6E-A5C5-4128-9EB5-26B63A663896}.Debug|iPhone.ActiveCfg = Debug|iPhone
		{1E76EF6E-A5C5-4128-9EB5-26B63A663896}.Debug|iPhone.Build.0 = Debug|iPhone
		{1E76EF6E-A5C5-4128-9EB5-26B63A663896}.Debug|iPhoneSimulator.ActiveCfg = Debug|iPhoneSimulator
		{1E76EF6E-A5C5-4128-9EB5-26B63A663896}.Debug|iPhoneSimulator.Build.0 = Debug|iPhoneSimulator
		{1E76EF6E-A5C5-4128-9EB5-26B63A663896}.Debug|x64.ActiveCfg = Debug|iPhone
		{1E76EF6E-A5C5-4128-9EB5-26B63A663896}.Debug|x86.ActiveCfg = Debug|iPhone
		{1E76EF6E-A5C5-4128-9EB5-26B63A663896}.Release|Any CPU.ActiveCfg = Release|iPhone
		{1E76EF6E-A5C5-4128-9EB5-26B63A663896}.Release|ARM.ActiveCfg = Release|iPhone
		{1E76EF6E-A5C5-4128-9EB5-26B63A663896}.Release|iPhone.ActiveCfg = Release|iPhone
		{1E76EF6E-A5C5-4128-9EB5-26B63A663896}.Release|iPhone.Build.0 = Release|iPhone
		{1E76EF6E-A5C5-4128-9EB5-26B63A663896}.Release|iPhoneSimulator.ActiveCfg = Release|iPhoneSimulator
		{1E76EF6E-A5C5-4128-9EB5-26B63A663896}.Release|iPhoneSimulator.Build.0 = Release|iPhoneSimulator
		{1E76EF6E-A5C5-4128-9EB5-26B63A663896}.Release|x64.ActiveCfg = Release|iPhone
		{1E76EF6E-A5C5-4128-9EB5-26B63A663896}.Release|x86.ActiveCfg = Release|iPhone
		{23738EC1-291D-4F79-B63B-9762B0909F2D}.Ad-Hoc|Any CPU.ActiveCfg = Release|x86
		{23738EC1-291D-4F79-B63B-9762B0909F2D}.Ad-Hoc|Any CPU.Build.0 = Release|x86
		{23738EC1-291D-4F79-B63B-9762B0909F2D}.Ad-Hoc|Any CPU.Deploy.0 = Release|x86
		{23738EC1-291D-4F79-B63B-9762B0909F2D}.Ad-Hoc|ARM.ActiveCfg = Release|ARM
		{23738EC1-291D-4F79-B63B-9762B0909F2D}.Ad-Hoc|ARM.Build.0 = Release|ARM
		{23738EC1-291D-4F79-B63B-9762B0909F2D}.Ad-Hoc|ARM.Deploy.0 = Release|ARM
		{23738EC1-291D-4F79-B63B-9762B0909F2D}.Ad-Hoc|iPhone.ActiveCfg = Release|x86
		{23738EC1-291D-4F79-B63B-9762B0909F2D}.Ad-Hoc|iPhone.Build.0 = Release|x86
		{23738EC1-291D-4F79-B63B-9762B0909F2D}.Ad-Hoc|iPhone.Deploy.0 = Release|x86
		{23738EC1-291D-4F79-B63B-9762B0909F2D}.Ad-Hoc|iPhoneSimulator.ActiveCfg = Release|x86
		{23738EC1-291D-4F79-B63B-9762B0909F2D}.Ad-Hoc|iPhoneSimulator.Build.0 = Release|x86
		{23738EC1-291D-4F79-B63B-9762B0909F2D}.Ad-Hoc|iPhoneSimulator.Deploy.0 = Release|x86
		{23738EC1-291D-4F79-B63B-9762B0909F2D}.Ad-Hoc|x64.ActiveCfg = Release|x64
		{23738EC1-291D-4F79-B63B-9762B0909F2D}.Ad-Hoc|x64.Build.0 = Release|x64
		{23738EC1-291D-4F79-B63B-9762B0909F2D}.Ad-Hoc|x64.Deploy.0 = Release|x64
		{23738EC1-291D-4F79-B63B-9762B0909F2D}.Ad-Hoc|x86.ActiveCfg = Release|x86
		{23738EC1-291D-4F79-B63B-9762B0909F2D}.Ad-Hoc|x86.Build.0 = Release|x86
		{23738EC1-291D-4F79-B63B-9762B0909F2D}.Ad-Hoc|x86.Deploy.0 = Release|x86
		{23738EC1-291D-4F79-B63B-9762B0909F2D}.AppStore|Any CPU.ActiveCfg = Release|x86
		{23738EC1-291D-4F79-B63B-9762B0909F2D}.AppStore|Any CPU.Build.0 = Release|x86
		{23738EC1-291D-4F79-B63B-9762B0909F2D}.AppStore|Any CPU.Deploy.0 = Release|x86
		{23738EC1-291D-4F79-B63B-9762B0909F2D}.AppStore|ARM.ActiveCfg = Release|ARM
		{23738EC1-291D-4F79-B63B-9762B0909F2D}.AppStore|ARM.Build.0 = Release|ARM
		{23738EC1-291D-4F79-B63B-9762B0909F2D}.AppStore|ARM.Deploy.0 = Release|ARM
		{23738EC1-291D-4F79-B63B-9762B0909F2D}.AppStore|iPhone.ActiveCfg = Release|x86
		{23738EC1-291D-4F79-B63B-9762B0909F2D}.AppStore|iPhone.Build.0 = Release|x86
		{23738EC1-291D-4F79-B63B-9762B0909F2D}.AppStore|iPhone.Deploy.0 = Release|x86
		{23738EC1-291D-4F79-B63B-9762B0909F2D}.AppStore|iPhoneSimulator.ActiveCfg = Release|x86
		{23738EC1-291D-4F79-B63B-9762B0909F2D}.AppStore|iPhoneSimulator.Build.0 = Release|x86
		{23738EC1-291D-4F79-B63B-9762B0909F2D}.AppStore|iPhoneSimulator.Deploy.0 = Release|x86
		{23738EC1-291D-4F79-B63B-9762B0909F2D}.AppStore|x64.ActiveCfg = Release|x64
		{23738EC1-291D-4F79-B63B-9762B0909F2D}.AppStore|x64.Build.0 = Release|x64
		{23738EC1-291D-4F79-B63B-9762B0909F2D}.AppStore|x64.Deploy.0 = Release|x64
		{23738EC1-291D-4F79-B63B-9762B0909F2D}.AppStore|x86.ActiveCfg = Release|x86
		{23738EC1-291D-4F79-B63B-9762B0909F2D}.AppStore|x86.Build.0 = Release|x86
		{23738EC1-291D-4F79-B63B-9762B0909F2D}.AppStore|x86.Deploy.0 = Release|x86
		{23738EC1-291D-4F79-B63B-9762B0909F2D}.Debug|Any CPU.ActiveCfg = Debug|x86
		{23738EC1-291D-4F79-B63B-9762B0909F2D}.Debug|ARM.ActiveCfg = Debug|ARM
		{23738EC1-291D-4F79-B63B-9762B0909F2D}.Debug|ARM.Build.0 = Debug|ARM
		{23738EC1-291D-4F79-B63B-9762B0909F2D}.Debug|ARM.Deploy.0 = Debug|ARM
		{23738EC1-291D-4F79-B63B-9762B0909F2D}.Debug|iPhone.ActiveCfg = Debug|x86
		{23738EC1-291D-4F79-B63B-9762B0909F2D}.Debug|iPhoneSimulator.ActiveCfg = Debug|x86
		{23738EC1-291D-4F79-B63B-9762B0909F2D}.Debug|x64.ActiveCfg = Debug|x64
		{23738EC1-291D-4F79-B63B-9762B0909F2D}.Debug|x64.Build.0 = Debug|x64
		{23738EC1-291D-4F79-B63B-9762B0909F2D}.Debug|x64.Deploy.0 = Debug|x64
		{23738EC1-291D-4F79-B63B-9762B0909F2D}.Debug|x86.ActiveCfg = Debug|x86
		{23738EC1-291D-4F79-B63B-9762B0909F2D}.Debug|x86.Build.0 = Debug|x86
		{23738EC1-291D-4F79-B63B-9762B0909F2D}.Debug|x86.Deploy.0 = Debug|x86
		{23738EC1-291D-4F79-B63B-9762B0909F2D}.Release|Any CPU.ActiveCfg = Release|x86
		{23738EC1-291D-4F79-B63B-9762B0909F2D}.Release|ARM.ActiveCfg = Release|ARM
		{23738EC1-291D-4F79-B63B-9762B0909F2D}.Release|ARM.Build.0 = Release|ARM
		{23738EC1-291D-4F79-B63B-9762B0909F2D}.Release|ARM.Deploy.0 = Release|ARM
		{23738EC1-291D-4F79-B63B-9762B0909F2D}.Release|iPhone.ActiveCfg = Release|x86
		{23738EC1-291D-4F79-B63B-9762B0909F2D}.Release|iPhoneSimulator.ActiveCfg = Release|x86
		{23738EC1-291D-4F79-B63B-9762B0909F2D}.Release|x64.ActiveCfg = Release|x64
		{23738EC1-291D-4F79-B63B-9762B0909F2D}.Release|x64.Build.0 = Release|x64
		{23738EC1-291D-4F79-B63B-9762B0909F2D}.Release|x64.Deploy.0 = Release|x64
		{23738EC1-291D-4F79-B63B-9762B0909F2D}.Release|x86.ActiveCfg = Release|x86
		{23738EC1-291D-4F79-B63B-9762B0909F2D}.Release|x86.Build.0 = Release|x86
		{23738EC1-291D-4F79-B63B-9762B0909F2D}.Release|x86.Deploy.0 = Release|x86
		{00E811C3-84BE-4425-8CB5-8EA26EE78808}.Ad-Hoc|Any CPU.ActiveCfg = Debug|Any CPU
		{00E811C3-84BE-4425-8CB5-8EA26EE78808}.Ad-Hoc|Any CPU.Build.0 = Debug|Any CPU
		{00E811C3-84BE-4425-8CB5-8EA26EE78808}.Ad-Hoc|ARM.ActiveCfg = Debug|Any CPU
		{00E811C3-84BE-4425-8CB5-8EA26EE78808}.Ad-Hoc|ARM.Build.0 = Debug|Any CPU
		{00E811C3-84BE-4425-8CB5-8EA26EE78808}.Ad-Hoc|iPhone.ActiveCfg = Debug|Any CPU
		{00E811C3-84BE-4425-8CB5-8EA26EE78808}.Ad-Hoc|iPhone.Build.0 = Debug|Any CPU
		{00E811C3-84BE-4425-8CB5-8EA26EE78808}.Ad-Hoc|iPhoneSimulator.ActiveCfg = Debug|Any CPU
		{00E811C3-84BE-4425-8CB5-8EA26EE78808}.Ad-Hoc|iPhoneSimulator.Build.0 = Debug|Any CPU
		{00E811C3-84BE-4425-8CB5-8EA26EE78808}.Ad-Hoc|x64.ActiveCfg = Debug|Any CPU
		{00E811C3-84BE-4425-8CB5-8EA26EE78808}.Ad-Hoc|x64.Build.0 = Debug|Any CPU
		{00E811C3-84BE-4425-8CB5-8EA26EE78808}.Ad-Hoc|x86.ActiveCfg = Debug|Any CPU
		{00E811C3-84BE-4425-8CB5-8EA26EE78808}.Ad-Hoc|x86.Build.0 = Debug|Any CPU
		{00E811C3-84BE-4425-8CB5-8EA26EE78808}.AppStore|Any CPU.ActiveCfg = Debug|Any CPU
		{00E811C3-84BE-4425-8CB5-8EA26EE78808}.AppStore|Any CPU.Build.0 = Debug|Any CPU
		{00E811C3-84BE-4425-8CB5-8EA26EE78808}.AppStore|ARM.ActiveCfg = Debug|Any CPU
		{00E811C3-84BE-4425-8CB5-8EA26EE78808}.AppStore|ARM.Build.0 = Debug|Any CPU
		{00E811C3-84BE-4425-8CB5-8EA26EE78808}.AppStore|iPhone.ActiveCfg = Debug|Any CPU
		{00E811C3-84BE-4425-8CB5-8EA26EE78808}.AppStore|iPhone.Build.0 = Debug|Any CPU
		{00E811C3-84BE-4425-8CB5-8EA26EE78808}.AppStore|iPhoneSimulator.ActiveCfg = Debug|Any CPU
		{00E811C3-84BE-4425-8CB5-8EA26EE78808}.AppStore|iPhoneSimulator.Build.0 = Debug|Any CPU
		{00E811C3-84BE-4425-8CB5-8EA26EE78808}.AppStore|x64.ActiveCfg = Debug|Any CPU
		{00E811C3-84BE-4425-8CB5-8EA26EE78808}.AppStore|x64.Build.0 = Debug|Any CPU
		{00E811C3-84BE-4425-8CB5-8EA26EE78808}.AppStore|x86.ActiveCfg = Debug|Any CPU
		{00E811C3-84BE-4425-8CB5-8EA26EE78808}.AppStore|x86.Build.0 = Debug|Any CPU
		{00E811C3-84BE-4425-8CB5-8EA26EE78808}.Debug|Any CPU.ActiveCfg = Debug|Any CPU
		{00E811C3-84BE-4425-8CB5-8EA26EE78808}.Debug|Any CPU.Build.0 = Debug|Any CPU
		{00E811C3-84BE-4425-8CB5-8EA26EE78808}.Debug|ARM.ActiveCfg = Debug|Any CPU
		{00E811C3-84BE-4425-8CB5-8EA26EE78808}.Debug|ARM.Build.0 = Debug|Any CPU
		{00E811C3-84BE-4425-8CB5-8EA26EE78808}.Debug|iPhone.ActiveCfg = Debug|Any CPU
		{00E811C3-84BE-4425-8CB5-8EA26EE78808}.Debug|iPhone.Build.0 = Debug|Any CPU
		{00E811C3-84BE-4425-8CB5-8EA26EE78808}.Debug|iPhoneSimulator.ActiveCfg = Debug|Any CPU
		{00E811C3-84BE-4425-8CB5-8EA26EE78808}.Debug|iPhoneSimulator.Build.0 = Debug|Any CPU
		{00E811C3-84BE-4425-8CB5-8EA26EE78808}.Debug|x64.ActiveCfg = Debug|Any CPU
		{00E811C3-84BE-4425-8CB5-8EA26EE78808}.Debug|x64.Build.0 = Debug|Any CPU
		{00E811C3-84BE-4425-8CB5-8EA26EE78808}.Debug|x86.ActiveCfg = Debug|Any CPU
		{00E811C3-84BE-4425-8CB5-8EA26EE78808}.Debug|x86.Build.0 = Debug|Any CPU
		{00E811C3-84BE-4425-8CB5-8EA26EE78808}.Release|Any CPU.ActiveCfg = Release|Any CPU
		{00E811C3-84BE-4425-8CB5-8EA26EE78808}.Release|Any CPU.Build.0 = Release|Any CPU
		{00E811C3-84BE-4425-8CB5-8EA26EE78808}.Release|ARM.ActiveCfg = Release|Any CPU
		{00E811C3-84BE-4425-8CB5-8EA26EE78808}.Release|ARM.Build.0 = Release|Any CPU
		{00E811C3-84BE-4425-8CB5-8EA26EE78808}.Release|iPhone.ActiveCfg = Release|Any CPU
		{00E811C3-84BE-4425-8CB5-8EA26EE78808}.Release|iPhone.Build.0 = Release|Any CPU
		{00E811C3-84BE-4425-8CB5-8EA26EE78808}.Release|iPhoneSimulator.ActiveCfg = Release|Any CPU
		{00E811C3-84BE-4425-8CB5-8EA26EE78808}.Release|iPhoneSimulator.Build.0 = Release|Any CPU
		{00E811C3-84BE-4425-8CB5-8EA26EE78808}.Release|x64.ActiveCfg = Release|Any CPU
		{00E811C3-84BE-4425-8CB5-8EA26EE78808}.Release|x64.Build.0 = Release|Any CPU
		{00E811C3-84BE-4425-8CB5-8EA26EE78808}.Release|x86.ActiveCfg = Release|Any CPU
		{00E811C3-84BE-4425-8CB5-8EA26EE78808}.Release|x86.Build.0 = Release|Any CPU
		{213B26FE-4E46-48C2-ABB7-28B306827A4B}.Ad-Hoc|Any CPU.ActiveCfg = Debug|Any CPU
		{213B26FE-4E46-48C2-ABB7-28B306827A4B}.Ad-Hoc|Any CPU.Build.0 = Debug|Any CPU
		{213B26FE-4E46-48C2-ABB7-28B306827A4B}.Ad-Hoc|ARM.ActiveCfg = Debug|Any CPU
		{213B26FE-4E46-48C2-ABB7-28B306827A4B}.Ad-Hoc|ARM.Build.0 = Debug|Any CPU
		{213B26FE-4E46-48C2-ABB7-28B306827A4B}.Ad-Hoc|iPhone.ActiveCfg = Debug|Any CPU
		{213B26FE-4E46-48C2-ABB7-28B306827A4B}.Ad-Hoc|iPhone.Build.0 = Debug|Any CPU
		{213B26FE-4E46-48C2-ABB7-28B306827A4B}.Ad-Hoc|iPhoneSimulator.ActiveCfg = Debug|Any CPU
		{213B26FE-4E46-48C2-ABB7-28B306827A4B}.Ad-Hoc|iPhoneSimulator.Build.0 = Debug|Any CPU
		{213B26FE-4E46-48C2-ABB7-28B306827A4B}.Ad-Hoc|x64.ActiveCfg = Debug|Any CPU
		{213B26FE-4E46-48C2-ABB7-28B306827A4B}.Ad-Hoc|x64.Build.0 = Debug|Any CPU
		{213B26FE-4E46-48C2-ABB7-28B306827A4B}.Ad-Hoc|x86.ActiveCfg = Debug|Any CPU
		{213B26FE-4E46-48C2-ABB7-28B306827A4B}.Ad-Hoc|x86.Build.0 = Debug|Any CPU
		{213B26FE-4E46-48C2-ABB7-28B306827A4B}.AppStore|Any CPU.ActiveCfg = Debug|Any CPU
		{213B26FE-4E46-48C2-ABB7-28B306827A4B}.AppStore|Any CPU.Build.0 = Debug|Any CPU
		{213B26FE-4E46-48C2-ABB7-28B306827A4B}.AppStore|ARM.ActiveCfg = Debug|Any CPU
		{213B26FE-4E46-48C2-ABB7-28B306827A4B}.AppStore|ARM.Build.0 = Debug|Any CPU
		{213B26FE-4E46-48C2-ABB7-28B306827A4B}.AppStore|iPhone.ActiveCfg = Debug|Any CPU
		{213B26FE-4E46-48C2-ABB7-28B306827A4B}.AppStore|iPhone.Build.0 = Debug|Any CPU
		{213B26FE-4E46-48C2-ABB7-28B306827A4B}.AppStore|iPhoneSimulator.ActiveCfg = Debug|Any CPU
		{213B26FE-4E46-48C2-ABB7-28B306827A4B}.AppStore|iPhoneSimulator.Build.0 = Debug|Any CPU
		{213B26FE-4E46-48C2-ABB7-28B306827A4B}.AppStore|x64.ActiveCfg = Debug|Any CPU
		{213B26FE-4E46-48C2-ABB7-28B306827A4B}.AppStore|x64.Build.0 = Debug|Any CPU
		{213B26FE-4E46-48C2-ABB7-28B306827A4B}.AppStore|x86.ActiveCfg = Debug|Any CPU
		{213B26FE-4E46-48C2-ABB7-28B306827A4B}.AppStore|x86.Build.0 = Debug|Any CPU
		{213B26FE-4E46-48C2-ABB7-28B306827A4B}.Debug|Any CPU.ActiveCfg = Debug|Any CPU
		{213B26FE-4E46-48C2-ABB7-28B306827A4B}.Debug|Any CPU.Build.0 = Debug|Any CPU
		{213B26FE-4E46-48C2-ABB7-28B306827A4B}.Debug|ARM.ActiveCfg = Debug|Any CPU
		{213B26FE-4E46-48C2-ABB7-28B306827A4B}.Debug|ARM.Build.0 = Debug|Any CPU
		{213B26FE-4E46-48C2-ABB7-28B306827A4B}.Debug|iPhone.ActiveCfg = Debug|Any CPU
		{213B26FE-4E46-48C2-ABB7-28B306827A4B}.Debug|iPhone.Build.0 = Debug|Any CPU
		{213B26FE-4E46-48C2-ABB7-28B306827A4B}.Debug|iPhoneSimulator.ActiveCfg = Debug|Any CPU
		{213B26FE-4E46-48C2-ABB7-28B306827A4B}.Debug|iPhoneSimulator.Build.0 = Debug|Any CPU
		{213B26FE-4E46-48C2-ABB7-28B306827A4B}.Debug|x64.ActiveCfg = Debug|Any CPU
		{213B26FE-4E46-48C2-ABB7-28B306827A4B}.Debug|x64.Build.0 = Debug|Any CPU
		{213B26FE-4E46-48C2-ABB7-28B306827A4B}.Debug|x86.ActiveCfg = Debug|Any CPU
		{213B26FE-4E46-48C2-ABB7-28B306827A4B}.Debug|x86.Build.0 = Debug|Any CPU
		{213B26FE-4E46-48C2-ABB7-28B306827A4B}.Release|Any CPU.ActiveCfg = Release|Any CPU
		{213B26FE-4E46-48C2-ABB7-28B306827A4B}.Release|Any CPU.Build.0 = Release|Any CPU
		{213B26FE-4E46-48C2-ABB7-28B306827A4B}.Release|ARM.ActiveCfg = Release|Any CPU
		{213B26FE-4E46-48C2-ABB7-28B306827A4B}.Release|ARM.Build.0 = Release|Any CPU
		{213B26FE-4E46-48C2-ABB7-28B306827A4B}.Release|iPhone.ActiveCfg = Release|Any CPU
		{213B26FE-4E46-48C2-ABB7-28B306827A4B}.Release|iPhone.Build.0 = Release|Any CPU
		{213B26FE-4E46-48C2-ABB7-28B306827A4B}.Release|iPhoneSimulator.ActiveCfg = Release|Any CPU
		{213B26FE-4E46-48C2-ABB7-28B306827A4B}.Release|iPhoneSimulator.Build.0 = Release|Any CPU
		{213B26FE-4E46-48C2-ABB7-28B306827A4B}.Release|x64.ActiveCfg = Release|Any CPU
		{213B26FE-4E46-48C2-ABB7-28B306827A4B}.Release|x64.Build.0 = Release|Any CPU
		{213B26FE-4E46-48C2-ABB7-28B306827A4B}.Release|x86.ActiveCfg = Release|Any CPU
		{213B26FE-4E46-48C2-ABB7-28B306827A4B}.Release|x86.Build.0 = Release|Any CPU
		{B46F4005-D756-4732-9923-C6549AD6FE09}.Ad-Hoc|Any CPU.ActiveCfg = Debug|Any CPU
		{B46F4005-D756-4732-9923-C6549AD6FE09}.Ad-Hoc|Any CPU.Build.0 = Debug|Any CPU
		{B46F4005-D756-4732-9923-C6549AD6FE09}.Ad-Hoc|ARM.ActiveCfg = Debug|Any CPU
		{B46F4005-D756-4732-9923-C6549AD6FE09}.Ad-Hoc|ARM.Build.0 = Debug|Any CPU
		{B46F4005-D756-4732-9923-C6549AD6FE09}.Ad-Hoc|iPhone.ActiveCfg = Debug|Any CPU
		{B46F4005-D756-4732-9923-C6549AD6FE09}.Ad-Hoc|iPhone.Build.0 = Debug|Any CPU
		{B46F4005-D756-4732-9923-C6549AD6FE09}.Ad-Hoc|iPhoneSimulator.ActiveCfg = Debug|Any CPU
		{B46F4005-D756-4732-9923-C6549AD6FE09}.Ad-Hoc|iPhoneSimulator.Build.0 = Debug|Any CPU
		{B46F4005-D756-4732-9923-C6549AD6FE09}.Ad-Hoc|x64.ActiveCfg = Debug|Any CPU
		{B46F4005-D756-4732-9923-C6549AD6FE09}.Ad-Hoc|x64.Build.0 = Debug|Any CPU
		{B46F4005-D756-4732-9923-C6549AD6FE09}.Ad-Hoc|x86.ActiveCfg = Debug|Any CPU
		{B46F4005-D756-4732-9923-C6549AD6FE09}.Ad-Hoc|x86.Build.0 = Debug|Any CPU
		{B46F4005-D756-4732-9923-C6549AD6FE09}.AppStore|Any CPU.ActiveCfg = Debug|Any CPU
		{B46F4005-D756-4732-9923-C6549AD6FE09}.AppStore|Any CPU.Build.0 = Debug|Any CPU
		{B46F4005-D756-4732-9923-C6549AD6FE09}.AppStore|ARM.ActiveCfg = Debug|Any CPU
		{B46F4005-D756-4732-9923-C6549AD6FE09}.AppStore|ARM.Build.0 = Debug|Any CPU
		{B46F4005-D756-4732-9923-C6549AD6FE09}.AppStore|iPhone.ActiveCfg = Debug|Any CPU
		{B46F4005-D756-4732-9923-C6549AD6FE09}.AppStore|iPhone.Build.0 = Debug|Any CPU
		{B46F4005-D756-4732-9923-C6549AD6FE09}.AppStore|iPhoneSimulator.ActiveCfg = Debug|Any CPU
		{B46F4005-D756-4732-9923-C6549AD6FE09}.AppStore|iPhoneSimulator.Build.0 = Debug|Any CPU
		{B46F4005-D756-4732-9923-C6549AD6FE09}.AppStore|x64.ActiveCfg = Debug|Any CPU
		{B46F4005-D756-4732-9923-C6549AD6FE09}.AppStore|x64.Build.0 = Debug|Any CPU
		{B46F4005-D756-4732-9923-C6549AD6FE09}.AppStore|x86.ActiveCfg = Debug|Any CPU
		{B46F4005-D756-4732-9923-C6549AD6FE09}.AppStore|x86.Build.0 = Debug|Any CPU
		{B46F4005-D756-4732-9923-C6549AD6FE09}.Debug|Any CPU.ActiveCfg = Debug|Any CPU
		{B46F4005-D756-4732-9923-C6549AD6FE09}.Debug|Any CPU.Build.0 = Debug|Any CPU
		{B46F4005-D756-4732-9923-C6549AD6FE09}.Debug|ARM.ActiveCfg = Debug|Any CPU
		{B46F4005-D756-4732-9923-C6549AD6FE09}.Debug|ARM.Build.0 = Debug|Any CPU
		{B46F4005-D756-4732-9923-C6549AD6FE09}.Debug|iPhone.ActiveCfg = Debug|Any CPU
		{B46F4005-D756-4732-9923-C6549AD6FE09}.Debug|iPhone.Build.0 = Debug|Any CPU
		{B46F4005-D756-4732-9923-C6549AD6FE09}.Debug|iPhoneSimulator.ActiveCfg = Debug|Any CPU
		{B46F4005-D756-4732-9923-C6549AD6FE09}.Debug|iPhoneSimulator.Build.0 = Debug|Any CPU
		{B46F4005-D756-4732-9923-C6549AD6FE09}.Debug|x64.ActiveCfg = Debug|Any CPU
		{B46F4005-D756-4732-9923-C6549AD6FE09}.Debug|x64.Build.0 = Debug|Any CPU
		{B46F4005-D756-4732-9923-C6549AD6FE09}.Debug|x86.ActiveCfg = Debug|Any CPU
		{B46F4005-D756-4732-9923-C6549AD6FE09}.Debug|x86.Build.0 = Debug|Any CPU
		{B46F4005-D756-4732-9923-C6549AD6FE09}.Release|Any CPU.ActiveCfg = Release|Any CPU
		{B46F4005-D756-4732-9923-C6549AD6FE09}.Release|Any CPU.Build.0 = Release|Any CPU
		{B46F4005-D756-4732-9923-C6549AD6FE09}.Release|ARM.ActiveCfg = Release|Any CPU
		{B46F4005-D756-4732-9923-C6549AD6FE09}.Release|ARM.Build.0 = Release|Any CPU
		{B46F4005-D756-4732-9923-C6549AD6FE09}.Release|iPhone.ActiveCfg = Release|Any CPU
		{B46F4005-D756-4732-9923-C6549AD6FE09}.Release|iPhone.Build.0 = Release|Any CPU
		{B46F4005-D756-4732-9923-C6549AD6FE09}.Release|iPhoneSimulator.ActiveCfg = Release|Any CPU
		{B46F4005-D756-4732-9923-C6549AD6FE09}.Release|iPhoneSimulator.Build.0 = Release|Any CPU
		{B46F4005-D756-4732-9923-C6549AD6FE09}.Release|x64.ActiveCfg = Release|Any CPU
		{B46F4005-D756-4732-9923-C6549AD6FE09}.Release|x64.Build.0 = Release|Any CPU
		{B46F4005-D756-4732-9923-C6549AD6FE09}.Release|x86.ActiveCfg = Release|Any CPU
		{B46F4005-D756-4732-9923-C6549AD6FE09}.Release|x86.Build.0 = Release|Any CPU
		{AA829DC1-602C-45DB-A5EB-FAAD1A0925E9}.Ad-Hoc|Any CPU.ActiveCfg = Debug|Any CPU
		{AA829DC1-602C-45DB-A5EB-FAAD1A0925E9}.Ad-Hoc|Any CPU.Build.0 = Debug|Any CPU
		{AA829DC1-602C-45DB-A5EB-FAAD1A0925E9}.Ad-Hoc|ARM.ActiveCfg = Debug|Any CPU
		{AA829DC1-602C-45DB-A5EB-FAAD1A0925E9}.Ad-Hoc|ARM.Build.0 = Debug|Any CPU
		{AA829DC1-602C-45DB-A5EB-FAAD1A0925E9}.Ad-Hoc|iPhone.ActiveCfg = Debug|Any CPU
		{AA829DC1-602C-45DB-A5EB-FAAD1A0925E9}.Ad-Hoc|iPhone.Build.0 = Debug|Any CPU
		{AA829DC1-602C-45DB-A5EB-FAAD1A0925E9}.Ad-Hoc|iPhoneSimulator.ActiveCfg = Debug|Any CPU
		{AA829DC1-602C-45DB-A5EB-FAAD1A0925E9}.Ad-Hoc|iPhoneSimulator.Build.0 = Debug|Any CPU
		{AA829DC1-602C-45DB-A5EB-FAAD1A0925E9}.Ad-Hoc|x64.ActiveCfg = Debug|Any CPU
		{AA829DC1-602C-45DB-A5EB-FAAD1A0925E9}.Ad-Hoc|x64.Build.0 = Debug|Any CPU
		{AA829DC1-602C-45DB-A5EB-FAAD1A0925E9}.Ad-Hoc|x86.ActiveCfg = Debug|Any CPU
		{AA829DC1-602C-45DB-A5EB-FAAD1A0925E9}.Ad-Hoc|x86.Build.0 = Debug|Any CPU
		{AA829DC1-602C-45DB-A5EB-FAAD1A0925E9}.AppStore|Any CPU.ActiveCfg = Debug|Any CPU
		{AA829DC1-602C-45DB-A5EB-FAAD1A0925E9}.AppStore|Any CPU.Build.0 = Debug|Any CPU
		{AA829DC1-602C-45DB-A5EB-FAAD1A0925E9}.AppStore|ARM.ActiveCfg = Debug|Any CPU
		{AA829DC1-602C-45DB-A5EB-FAAD1A0925E9}.AppStore|ARM.Build.0 = Debug|Any CPU
		{AA829DC1-602C-45DB-A5EB-FAAD1A0925E9}.AppStore|iPhone.ActiveCfg = Debug|Any CPU
		{AA829DC1-602C-45DB-A5EB-FAAD1A0925E9}.AppStore|iPhone.Build.0 = Debug|Any CPU
		{AA829DC1-602C-45DB-A5EB-FAAD1A0925E9}.AppStore|iPhoneSimulator.ActiveCfg = Debug|Any CPU
		{AA829DC1-602C-45DB-A5EB-FAAD1A0925E9}.AppStore|iPhoneSimulator.Build.0 = Debug|Any CPU
		{AA829DC1-602C-45DB-A5EB-FAAD1A0925E9}.AppStore|x64.ActiveCfg = Debug|Any CPU
		{AA829DC1-602C-45DB-A5EB-FAAD1A0925E9}.AppStore|x64.Build.0 = Debug|Any CPU
		{AA829DC1-602C-45DB-A5EB-FAAD1A0925E9}.AppStore|x86.ActiveCfg = Debug|Any CPU
		{AA829DC1-602C-45DB-A5EB-FAAD1A0925E9}.AppStore|x86.Build.0 = Debug|Any CPU
		{AA829DC1-602C-45DB-A5EB-FAAD1A0925E9}.Debug|Any CPU.ActiveCfg = Debug|Any CPU
		{AA829DC1-602C-45DB-A5EB-FAAD1A0925E9}.Debug|Any CPU.Build.0 = Debug|Any CPU
		{AA829DC1-602C-45DB-A5EB-FAAD1A0925E9}.Debug|ARM.ActiveCfg = Debug|Any CPU
		{AA829DC1-602C-45DB-A5EB-FAAD1A0925E9}.Debug|ARM.Build.0 = Debug|Any CPU
		{AA829DC1-602C-45DB-A5EB-FAAD1A0925E9}.Debug|iPhone.ActiveCfg = Debug|Any CPU
		{AA829DC1-602C-45DB-A5EB-FAAD1A0925E9}.Debug|iPhone.Build.0 = Debug|Any CPU
		{AA829DC1-602C-45DB-A5EB-FAAD1A0925E9}.Debug|iPhoneSimulator.ActiveCfg = Debug|Any CPU
		{AA829DC1-602C-45DB-A5EB-FAAD1A0925E9}.Debug|iPhoneSimulator.Build.0 = Debug|Any CPU
		{AA829DC1-602C-45DB-A5EB-FAAD1A0925E9}.Debug|x64.ActiveCfg = Debug|Any CPU
		{AA829DC1-602C-45DB-A5EB-FAAD1A0925E9}.Debug|x64.Build.0 = Debug|Any CPU
		{AA829DC1-602C-45DB-A5EB-FAAD1A0925E9}.Debug|x86.ActiveCfg = Debug|Any CPU
		{AA829DC1-602C-45DB-A5EB-FAAD1A0925E9}.Debug|x86.Build.0 = Debug|Any CPU
		{AA829DC1-602C-45DB-A5EB-FAAD1A0925E9}.Release|Any CPU.ActiveCfg = Release|Any CPU
		{AA829DC1-602C-45DB-A5EB-FAAD1A0925E9}.Release|Any CPU.Build.0 = Release|Any CPU
		{AA829DC1-602C-45DB-A5EB-FAAD1A0925E9}.Release|ARM.ActiveCfg = Release|Any CPU
		{AA829DC1-602C-45DB-A5EB-FAAD1A0925E9}.Release|ARM.Build.0 = Release|Any CPU
		{AA829DC1-602C-45DB-A5EB-FAAD1A0925E9}.Release|iPhone.ActiveCfg = Release|Any CPU
		{AA829DC1-602C-45DB-A5EB-FAAD1A0925E9}.Release|iPhone.Build.0 = Release|Any CPU
		{AA829DC1-602C-45DB-A5EB-FAAD1A0925E9}.Release|iPhoneSimulator.ActiveCfg = Release|Any CPU
		{AA829DC1-602C-45DB-A5EB-FAAD1A0925E9}.Release|iPhoneSimulator.Build.0 = Release|Any CPU
		{AA829DC1-602C-45DB-A5EB-FAAD1A0925E9}.Release|x64.ActiveCfg = Release|Any CPU
		{AA829DC1-602C-45DB-A5EB-FAAD1A0925E9}.Release|x64.Build.0 = Release|Any CPU
		{AA829DC1-602C-45DB-A5EB-FAAD1A0925E9}.Release|x86.ActiveCfg = Release|Any CPU
		{AA829DC1-602C-45DB-A5EB-FAAD1A0925E9}.Release|x86.Build.0 = Release|Any CPU
		{955ECCC1-C677-47E3-94C7-836EE6D1D733}.Ad-Hoc|Any CPU.ActiveCfg = Debug|Any CPU
		{955ECCC1-C677-47E3-94C7-836EE6D1D733}.Ad-Hoc|Any CPU.Build.0 = Debug|Any CPU
		{955ECCC1-C677-47E3-94C7-836EE6D1D733}.Ad-Hoc|ARM.ActiveCfg = Debug|Any CPU
		{955ECCC1-C677-47E3-94C7-836EE6D1D733}.Ad-Hoc|ARM.Build.0 = Debug|Any CPU
		{955ECCC1-C677-47E3-94C7-836EE6D1D733}.Ad-Hoc|iPhone.ActiveCfg = Debug|Any CPU
		{955ECCC1-C677-47E3-94C7-836EE6D1D733}.Ad-Hoc|iPhone.Build.0 = Debug|Any CPU
		{955ECCC1-C677-47E3-94C7-836EE6D1D733}.Ad-Hoc|iPhoneSimulator.ActiveCfg = Debug|Any CPU
		{955ECCC1-C677-47E3-94C7-836EE6D1D733}.Ad-Hoc|iPhoneSimulator.Build.0 = Debug|Any CPU
		{955ECCC1-C677-47E3-94C7-836EE6D1D733}.Ad-Hoc|x64.ActiveCfg = Debug|Any CPU
		{955ECCC1-C677-47E3-94C7-836EE6D1D733}.Ad-Hoc|x64.Build.0 = Debug|Any CPU
		{955ECCC1-C677-47E3-94C7-836EE6D1D733}.Ad-Hoc|x86.ActiveCfg = Debug|Any CPU
		{955ECCC1-C677-47E3-94C7-836EE6D1D733}.Ad-Hoc|x86.Build.0 = Debug|Any CPU
		{955ECCC1-C677-47E3-94C7-836EE6D1D733}.AppStore|Any CPU.ActiveCfg = Debug|Any CPU
		{955ECCC1-C677-47E3-94C7-836EE6D1D733}.AppStore|Any CPU.Build.0 = Debug|Any CPU
		{955ECCC1-C677-47E3-94C7-836EE6D1D733}.AppStore|ARM.ActiveCfg = Debug|Any CPU
		{955ECCC1-C677-47E3-94C7-836EE6D1D733}.AppStore|ARM.Build.0 = Debug|Any CPU
		{955ECCC1-C677-47E3-94C7-836EE6D1D733}.AppStore|iPhone.ActiveCfg = Debug|Any CPU
		{955ECCC1-C677-47E3-94C7-836EE6D1D733}.AppStore|iPhone.Build.0 = Debug|Any CPU
		{955ECCC1-C677-47E3-94C7-836EE6D1D733}.AppStore|iPhoneSimulator.ActiveCfg = Debug|Any CPU
		{955ECCC1-C677-47E3-94C7-836EE6D1D733}.AppStore|iPhoneSimulator.Build.0 = Debug|Any CPU
		{955ECCC1-C677-47E3-94C7-836EE6D1D733}.AppStore|x64.ActiveCfg = Debug|Any CPU
		{955ECCC1-C677-47E3-94C7-836EE6D1D733}.AppStore|x64.Build.0 = Debug|Any CPU
		{955ECCC1-C677-47E3-94C7-836EE6D1D733}.AppStore|x86.ActiveCfg = Debug|Any CPU
		{955ECCC1-C677-47E3-94C7-836EE6D1D733}.AppStore|x86.Build.0 = Debug|Any CPU
		{955ECCC1-C677-47E3-94C7-836EE6D1D733}.Debug|Any CPU.ActiveCfg = Debug|Any CPU
		{955ECCC1-C677-47E3-94C7-836EE6D1D733}.Debug|Any CPU.Build.0 = Debug|Any CPU
		{955ECCC1-C677-47E3-94C7-836EE6D1D733}.Debug|ARM.ActiveCfg = Debug|Any CPU
		{955ECCC1-C677-47E3-94C7-836EE6D1D733}.Debug|ARM.Build.0 = Debug|Any CPU
		{955ECCC1-C677-47E3-94C7-836EE6D1D733}.Debug|iPhone.ActiveCfg = Debug|Any CPU
		{955ECCC1-C677-47E3-94C7-836EE6D1D733}.Debug|iPhone.Build.0 = Debug|Any CPU
		{955ECCC1-C677-47E3-94C7-836EE6D1D733}.Debug|iPhoneSimulator.ActiveCfg = Debug|Any CPU
		{955ECCC1-C677-47E3-94C7-836EE6D1D733}.Debug|iPhoneSimulator.Build.0 = Debug|Any CPU
		{955ECCC1-C677-47E3-94C7-836EE6D1D733}.Debug|x64.ActiveCfg = Debug|Any CPU
		{955ECCC1-C677-47E3-94C7-836EE6D1D733}.Debug|x64.Build.0 = Debug|Any CPU
		{955ECCC1-C677-47E3-94C7-836EE6D1D733}.Debug|x86.ActiveCfg = Debug|Any CPU
		{955ECCC1-C677-47E3-94C7-836EE6D1D733}.Debug|x86.Build.0 = Debug|Any CPU
		{955ECCC1-C677-47E3-94C7-836EE6D1D733}.Release|Any CPU.ActiveCfg = Release|Any CPU
		{955ECCC1-C677-47E3-94C7-836EE6D1D733}.Release|Any CPU.Build.0 = Release|Any CPU
		{955ECCC1-C677-47E3-94C7-836EE6D1D733}.Release|ARM.ActiveCfg = Release|Any CPU
		{955ECCC1-C677-47E3-94C7-836EE6D1D733}.Release|ARM.Build.0 = Release|Any CPU
		{955ECCC1-C677-47E3-94C7-836EE6D1D733}.Release|iPhone.ActiveCfg = Release|Any CPU
		{955ECCC1-C677-47E3-94C7-836EE6D1D733}.Release|iPhone.Build.0 = Release|Any CPU
		{955ECCC1-C677-47E3-94C7-836EE6D1D733}.Release|iPhoneSimulator.ActiveCfg = Release|Any CPU
		{955ECCC1-C677-47E3-94C7-836EE6D1D733}.Release|iPhoneSimulator.Build.0 = Release|Any CPU
		{955ECCC1-C677-47E3-94C7-836EE6D1D733}.Release|x64.ActiveCfg = Release|Any CPU
		{955ECCC1-C677-47E3-94C7-836EE6D1D733}.Release|x64.Build.0 = Release|Any CPU
		{955ECCC1-C677-47E3-94C7-836EE6D1D733}.Release|x86.ActiveCfg = Release|Any CPU
		{955ECCC1-C677-47E3-94C7-836EE6D1D733}.Release|x86.Build.0 = Release|Any CPU
	EndGlobalSection
	GlobalSection(SolutionProperties) = preSolution
		HideSolutionNode = FALSE
	EndGlobalSection
	GlobalSection(ExtensibilityGlobals) = postSolution
		SolutionGuid = {2DBE1494-B7DA-4062-8A6F-0E6B424F2825}
	EndGlobalSection
EndGlobal
